
Microsoft Visual Studio Solution File, Format Version 12.00
# Visual Studio 15
Project("{FAE04EC0-301F-11D3-BF4B-00C04F79EFBC}") = "UnityEngine.UI", "UnityEngine.UI.csproj", "{92F6C015-F23F-C02D-3184-C232A3C9ECCD}"
EndProject
Project("{FAE04EC0-301F-11D3-BF4B-00C04F79EFBC}") = "UnityEngine.TestRunner", "UnityEngine.TestRunner.csproj", "{37943EFD-BC4F-8FF8-E4BF-5C0279516E80}"
EndProject
Project("{FAE04EC0-301F-11D3-BF4B-00C04F79EFBC}") = "Unity.InputSystem", "Unity.InputSystem.csproj", "{858CA3EB-DAEC-E270-97FB-49C4237C533B}"
EndProject
Project("{FAE04EC0-301F-11D3-BF4B-00C04F79EFBC}") = "UnityEngine.XR.LegacyInputHelpers", "UnityEngine.XR.LegacyInputHelpers.csproj", "{29290B12-1078-6959-871B-EDFE4EC6A83C}"
EndProject
Project("{FAE04EC0-301F-11D3-BF4B-00C04F79EFBC}") = "Unity.XR.ARFoundation", "Unity.XR.ARFoundation.csproj", "{367A9A0B-D96F-49B9-887D-81B20FF6BAA6}"
EndProject
Project("{FAE04EC0-301F-11D3-BF4B-00C04F79EFBC}") = "Unity.XR.ARSubsystems", "Unity.XR.ARSubsystems.csproj", "{6F19C54F-876D-03A5-F0BC-D0AD98404C7A}"
EndProject
Project("{FAE04EC0-301F-11D3-BF4B-00C04F79EFBC}") = "Unity.Timeline", "Unity.Timeline.csproj", "{0F75648C-9E27-F643-DA78-1F0E1C9A6D4B}"
EndProject
Project("{FAE04EC0-301F-11D3-BF4B-00C04F79EFBC}") = "Unity.XR.ARCore", "Unity.XR.ARCore.csproj", "{C3DDDA25-1907-4590-BBFB-B7D5B1C97D41}"
EndProject
Project("{FAE04EC0-301F-11D3-BF4B-00C04F79EFBC}") = "CW.Common", "CW.Common.csproj", "{B6EE56EC-2417-31B7-62AF-66D71A0E5246}"
EndProject
Project("{FAE04EC0-301F-11D3-BF4B-00C04F79EFBC}") = "LeanCommon", "LeanCommon.csproj", "{4385B618-FF32-5C4A-9A24-18CE99997429}"
EndProject
Project("{FAE04EC0-301F-11D3-BF4B-00C04F79EFBC}") = "Unity.TextMeshPro", "Unity.TextMeshPro.csproj", "{1C3FC125-CE9B-C7C9-F531-04D373845298}"
EndProject
Project("{FAE04EC0-301F-11D3-BF4B-00C04F79EFBC}") = "LeanTouch", "LeanTouch.csproj", "{E8955FDC-7C19-E0EA-C73B-8902B238A1FE}"
EndProject
Project("{FAE04EC0-301F-11D3-BF4B-00C04F79EFBC}") = "Unity.XR.Management", "Unity.XR.Management.csproj", "{50C13B75-8588-BA36-8C61-463DE6AB6725}"
EndProject
Project("{FAE04EC0-301F-11D3-BF4B-00C04F79EFBC}") = "Assembly-CSharp", "Assembly-CSharp.csproj", "{9B7EBE19-3A4A-1B82-84B3-F8C7A90E499B}"
EndProject
Project("{FAE04EC0-301F-11D3-BF4B-00C04F79EFBC}") = "Unity.Subsystem.Registration", "Unity.Subsystem.Registration.csproj", "{DF40FD10-70C5-2E15-8441-C70C256F9205}"
EndProject
Project("{FAE04EC0-301F-11D3-BF4B-00C04F79EFBC}") = "UnityEngine.SpatialTracking", "UnityEngine.SpatialTracking.csproj", "{59D8694E-8CC3-5E4C-D3F5-BC8E771505C7}"
EndProject
Project("{FAE04EC0-301F-11D3-BF4B-00C04F79EFBC}") = "Unity.XR.Management.Editor", "Unity.XR.Management.Editor.csproj", "{96C6F06D-A713-A82F-B821-C413E5C505FA}"
EndProject
Project("{FAE04EC0-301F-11D3-BF4B-00C04F79EFBC}") = "UnityEditor.TestRunner", "UnityEditor.TestRunner.csproj", "{B0F775C8-FAC3-C51B-3EE1-FF535DAECCC9}"
EndProject
Project("{FAE04EC0-301F-11D3-BF4B-00C04F79EFBC}") = "Unity.PlasticSCM.Editor", "Unity.PlasticSCM.Editor.csproj", "{1E577647-7123-DDA7-6186-BCCBCCC51426}"
EndProject
Project("{FAE04EC0-301F-11D3-BF4B-00C04F79EFBC}") = "UnityEditor.UI", "UnityEditor.UI.csproj", "{710CB9F4-FA2D-345F-F818-D0BD5818B9A8}"
EndProject
Project("{FAE04EC0-301F-11D3-BF4B-00C04F79EFBC}") = "Unity.Services.Core.Editor", "Unity.Services.Core.Editor.csproj", "{FE1111C4-A604-7704-479B-3AABAA6574F2}"
EndProject
Project("{FAE04EC0-301F-11D3-BF4B-00C04F79EFBC}") = "Unity.Timeline.Editor", "Unity.Timeline.Editor.csproj", "{F1CA57B2-89D7-DAD4-95CD-0B0D846B7600}"
EndProject
Project("{FAE04EC0-301F-11D3-BF4B-00C04F79EFBC}") = "Unity.VisualStudio.Editor", "Unity.VisualStudio.Editor.csproj", "{80A9B18D-CB04-B40F-EDC3-537C47D1ED30}"
EndProject
Project("{FAE04EC0-301F-11D3-BF4B-00C04F79EFBC}") = "Unity.XR.ARFoundation.Editor", "Unity.XR.ARFoundation.Editor.csproj", "{75A1581E-413F-DA2C-3A3E-D9AB867BD5DE}"
EndProject
Project("{FAE04EC0-301F-11D3-BF4B-00C04F79EFBC}") = "Unity.TextMeshPro.Editor", "Unity.TextMeshPro.Editor.csproj", "{81F82133-624E-9764-F405-208BA273C379}"
EndProject
Project("{FAE04EC0-301F-11D3-BF4B-00C04F79EFBC}") = "Unity.CollabProxy.Editor", "Unity.CollabProxy.Editor.csproj", "{5F48049C-7B0C-54D4-FDE4-9AE007C8FC9A}"
EndProject
Project("{FAE04EC0-301F-11D3-BF4B-00C04F79EFBC}") = "Unity.Rider.Editor", "Unity.Rider.Editor.csproj", "{1F1EEF0A-FBC0-9510-21CA-B95C6DBA7FF3}"
EndProject
Project("{FAE04EC0-301F-11D3-BF4B-00C04F79EFBC}") = "UnityEditor.XR.LegacyInputHelpers", "UnityEditor.XR.LegacyInputHelpers.csproj", "{8B482538-A92A-0E26-3E0C-EA1EDB206841}"
EndProject
Project("{FAE04EC0-301F-11D3-BF4B-00C04F79EFBC}") = "Unity.VSCode.Editor", "Unity.VSCode.Editor.csproj", "{D4B89167-0993-1869-1D64-788D49F28321}"
EndProject
Project("{FAE04EC0-301F-11D3-BF4B-00C04F79EFBC}") = "UnityEditor.SpatialTracking", "UnityEditor.SpatialTracking.csproj", "{47947DF9-91AC-9B8F-D6CE-077A1594AC4D}"
EndProject
Project("{FAE04EC0-301F-11D3-BF4B-00C04F79EFBC}") = "Unity.XR.ARCore.Editor", "Unity.XR.ARCore.Editor.csproj", "{215C0AE9-FFE9-4ACC-44DB-92DF018B6E0C}"
EndProject
Project("{FAE04EC0-301F-11D3-BF4B-00C04F79EFBC}") = "Unity.XR.ARSubsystems.Editor", "Unity.XR.ARSubsystems.Editor.csproj", "{45C58DF5-5AF5-4BE0-2D61-BE50AC7AC103}"
EndProject
Project("{FAE04EC0-301F-11D3-BF4B-00C04F79EFBC}") = "Unity.InternalAPIEditorBridge.005", "Unity.InternalAPIEditorBridge.005.csproj", "{6661395B-89F3-AF18-4856-1B1771732993}"
EndProject
Project("{FAE04EC0-301F-11D3-BF4B-00C04F79EFBC}") = "UnityEngine.UI", "UnityEngine.UI.Player.csproj", "{452B9B20-4CC1-93AA-560A-2333D516B54C}"
EndProject
Project("{FAE04EC0-301F-11D3-BF4B-00C04F79EFBC}") = "UnityEngine.TestRunner", "UnityEngine.TestRunner.Player.csproj", "{6BB3DA72-ECA9-4F0E-3679-B5907DDDBE81}"
EndProject
Project("{FAE04EC0-301F-11D3-BF4B-00C04F79EFBC}") = "Unity.InputSystem", "Unity.InputSystem.Player.csproj", "{AC365A1E-B8C0-C674-C395-DB9D7EB356A3}"
EndProject
Project("{FAE04EC0-301F-11D3-BF4B-00C04F79EFBC}") = "UnityEngine.XR.LegacyInputHelpers", "UnityEngine.XR.LegacyInputHelpers.Player.csproj", "{52E3366A-8419-C932-9387-7E5BC8EDC9FF}"
EndProject
Project("{FAE04EC0-301F-11D3-BF4B-00C04F79EFBC}") = "Unity.XR.ARFoundation", "Unity.XR.ARFoundation.Player.csproj", "{EF192A45-C5CB-FC36-0D46-00A40724AD46}"
EndProject
Project("{FAE04EC0-301F-11D3-BF4B-00C04F79EFBC}") = "Unity.XR.ARSubsystems", "Unity.XR.ARSubsystems.Player.csproj", "{CFA29033-9CDF-832F-8CFA-87C63044A5C8}"
EndProject
Project("{FAE04EC0-301F-11D3-BF4B-00C04F79EFBC}") = "Unity.Timeline", "Unity.Timeline.Player.csproj", "{6986E2E7-8246-49B6-F3BD-2A4E910E8BB3}"
EndProject
Project("{FAE04EC0-301F-11D3-BF4B-00C04F79EFBC}") = "Unity.XR.ARCore", "Unity.XR.ARCore.Player.csproj", "{ADD2E88A-0999-2247-687F-1CB7678E6B8C}"
EndProject
Project("{FAE04EC0-301F-11D3-BF4B-00C04F79EFBC}") = "CW.Common", "CW.Common.Player.csproj", "{E4F39D9F-EDFA-55A4-E59F-8A45E98C77EF}"
EndProject
Project("{FAE04EC0-301F-11D3-BF4B-00C04F79EFBC}") = "LeanCommon", "LeanCommon.Player.csproj", "{A76D52C8-E13B-3FC1-24E4-CC1C45443B28}"
EndProject
Project("{FAE04EC0-301F-11D3-BF4B-00C04F79EFBC}") = "Unity.TextMeshPro", "Unity.TextMeshPro.Player.csproj", "{2032FB07-E8FF-2248-0DFB-58B7F66B55FB}"
EndProject
Project("{FAE04EC0-301F-11D3-BF4B-00C04F79EFBC}") = "LeanTouch", "LeanTouch.Player.csproj", "{8E6376E7-CF94-439A-8E67-C8A26B342626}"
EndProject
Project("{FAE04EC0-301F-11D3-BF4B-00C04F79EFBC}") = "Unity.XR.Management", "Unity.XR.Management.Player.csproj", "{57E8F296-FEA8-0DFD-42DF-21F84C864099}"
EndProject
Project("{FAE04EC0-301F-11D3-BF4B-00C04F79EFBC}") = "Assembly-CSharp", "Assembly-CSharp.Player.csproj", "{2AAFA813-FBFD-908F-4189-A87268D29E4F}"
EndProject
Project("{FAE04EC0-301F-11D3-BF4B-00C04F79EFBC}") = "Unity.Subsystem.Registration", "Unity.Subsystem.Registration.Player.csproj", "{F073EC79-2136-D62C-FF15-AA853C6AE256}"
EndProject
Project("{FAE04EC0-301F-11D3-BF4B-00C04F79EFBC}") = "UnityEngine.SpatialTracking", "UnityEngine.SpatialTracking.Player.csproj", "{456EAA30-CEDE-B0D2-0D13-A8E5C9C016C0}"
EndProject
Global
	GlobalSection(SolutionConfigurationPlatforms) = preSolution
		Debug|Any CPU = Debug|Any CPU
		Release|Any CPU = Release|Any CPU
	EndGlobalSection
	GlobalSection(ProjectConfigurationPlatforms) = postSolution
		{92F6C015-F23F-C02D-3184-C232A3C9ECCD}.Debug|Any CPU.ActiveCfg = Debug|Any CPU
		{92F6C015-F23F-C02D-3184-C232A3C9ECCD}.Debug|Any CPU.Build.0 = Debug|Any CPU
		{92F6C015-F23F-C02D-3184-C232A3C9ECCD}.Release|Any CPU.ActiveCfg = Release|Any CPU
		{92F6C015-F23F-C02D-3184-C232A3C9ECCD}.Release|Any CPU.Build.0 = Release|Any CPU
		{37943EFD-BC4F-8FF8-E4BF-5C0279516E80}.Debug|Any CPU.ActiveCfg = Debug|Any CPU
		{37943EFD-BC4F-8FF8-E4BF-5C0279516E80}.Debug|Any CPU.Build.0 = Debug|Any CPU
		{37943EFD-BC4F-8FF8-E4BF-5C0279516E80}.Release|Any CPU.ActiveCfg = Release|Any CPU
		{37943EFD-BC4F-8FF8-E4BF-5C0279516E80}.Release|Any CPU.Build.0 = Release|Any CPU
		{858CA3EB-DAEC-E270-97FB-49C4237C533B}.Debug|Any CPU.ActiveCfg = Debug|Any CPU
		{858CA3EB-DAEC-E270-97FB-49C4237C533B}.Debug|Any CPU.Build.0 = Debug|Any CPU
		{858CA3EB-DAEC-E270-97FB-49C4237C533B}.Release|Any CPU.ActiveCfg = Release|Any CPU
		{858CA3EB-DAEC-E270-97FB-49C4237C533B}.Release|Any CPU.Build.0 = Release|Any CPU
		{29290B12-1078-6959-871B-EDFE4EC6A83C}.Debug|Any CPU.ActiveCfg = Debug|Any CPU
		{29290B12-1078-6959-871B-EDFE4EC6A83C}.Debug|Any CPU.Build.0 = Debug|Any CPU
		{29290B12-1078-6959-871B-EDFE4EC6A83C}.Release|Any CPU.ActiveCfg = Release|Any CPU
		{29290B12-1078-6959-871B-EDFE4EC6A83C}.Release|Any CPU.Build.0 = Release|Any CPU
		{367A9A0B-D96F-49B9-887D-81B20FF6BAA6}.Debug|Any CPU.ActiveCfg = Debug|Any CPU
		{367A9A0B-D96F-49B9-887D-81B20FF6BAA6}.Debug|Any CPU.Build.0 = Debug|Any CPU
		{367A9A0B-D96F-49B9-887D-81B20FF6BAA6}.Release|Any CPU.ActiveCfg = Release|Any CPU
		{367A9A0B-D96F-49B9-887D-81B20FF6BAA6}.Release|Any CPU.Build.0 = Release|Any CPU
		{6F19C54F-876D-03A5-F0BC-D0AD98404C7A}.Debug|Any CPU.ActiveCfg = Debug|Any CPU
		{6F19C54F-876D-03A5-F0BC-D0AD98404C7A}.Debug|Any CPU.Build.0 = Debug|Any CPU
		{6F19C54F-876D-03A5-F0BC-D0AD98404C7A}.Release|Any CPU.ActiveCfg = Release|Any CPU
		{6F19C54F-876D-03A5-F0BC-D0AD98404C7A}.Release|Any CPU.Build.0 = Release|Any CPU
		{0F75648C-9E27-F643-DA78-1F0E1C9A6D4B}.Debug|Any CPU.ActiveCfg = Debug|Any CPU
		{0F75648C-9E27-F643-DA78-1F0E1C9A6D4B}.Debug|Any CPU.Build.0 = Debug|Any CPU
		{0F75648C-9E27-F643-DA78-1F0E1C9A6D4B}.Release|Any CPU.ActiveCfg = Release|Any CPU
		{0F75648C-9E27-F643-DA78-1F0E1C9A6D4B}.Release|Any CPU.Build.0 = Release|Any CPU
		{C3DDDA25-1907-4590-BBFB-B7D5B1C97D41}.Debug|Any CPU.ActiveCfg = Debug|Any CPU
		{C3DDDA25-1907-4590-BBFB-B7D5B1C97D41}.Debug|Any CPU.Build.0 = Debug|Any CPU
		{C3DDDA25-1907-4590-BBFB-B7D5B1C97D41}.Release|Any CPU.ActiveCfg = Release|Any CPU
		{C3DDDA25-1907-4590-BBFB-B7D5B1C97D41}.Release|Any CPU.Build.0 = Release|Any CPU
		{B6EE56EC-2417-31B7-62AF-66D71A0E5246}.Debug|Any CPU.ActiveCfg = Debug|Any CPU
		{B6EE56EC-2417-31B7-62AF-66D71A0E5246}.Debug|Any CPU.Build.0 = Debug|Any CPU
		{B6EE56EC-2417-31B7-62AF-66D71A0E5246}.Release|Any CPU.ActiveCfg = Release|Any CPU
		{B6EE56EC-2417-31B7-62AF-66D71A0E5246}.Release|Any CPU.Build.0 = Release|Any CPU
		{4385B618-FF32-5C4A-9A24-18CE99997429}.Debug|Any CPU.ActiveCfg = Debug|Any CPU
		{4385B618-FF32-5C4A-9A24-18CE99997429}.Debug|Any CPU.Build.0 = Debug|Any CPU
		{4385B618-FF32-5C4A-9A24-18CE99997429}.Release|Any CPU.ActiveCfg = Release|Any CPU
		{4385B618-FF32-5C4A-9A24-18CE99997429}.Release|Any CPU.Build.0 = Release|Any CPU
		{1C3FC125-CE9B-C7C9-F531-04D373845298}.Debug|Any CPU.ActiveCfg = Debug|Any CPU
		{1C3FC125-CE9B-C7C9-F531-04D373845298}.Debug|Any CPU.Build.0 = Debug|Any CPU
		{1C3FC125-CE9B-C7C9-F531-04D373845298}.Release|Any CPU.ActiveCfg = Release|Any CPU
		{1C3FC125-CE9B-C7C9-F531-04D373845298}.Release|Any CPU.Build.0 = Release|Any CPU
		{E8955FDC-7C19-E0EA-C73B-8902B238A1FE}.Debug|Any CPU.ActiveCfg = Debug|Any CPU
		{E8955FDC-7C19-E0EA-C73B-8902B238A1FE}.Debug|Any CPU.Build.0 = Debug|Any CPU
		{E8955FDC-7C19-E0EA-C73B-8902B238A1FE}.Release|Any CPU.ActiveCfg = Release|Any CPU
		{E8955FDC-7C19-E0EA-C73B-8902B238A1FE}.Release|Any CPU.Build.0 = Release|Any CPU
		{50C13B75-8588-BA36-8C61-463DE6AB6725}.Debug|Any CPU.ActiveCfg = Debug|Any CPU
		{50C13B75-8588-BA36-8C61-463DE6AB6725}.Debug|Any CPU.Build.0 = Debug|Any CPU
		{50C13B75-8588-BA36-8C61-463DE6AB6725}.Release|Any CPU.ActiveCfg = Release|Any CPU
		{50C13B75-8588-BA36-8C61-463DE6AB6725}.Release|Any CPU.Build.0 = Release|Any CPU
		{9B7EBE19-3A4A-1B82-84B3-F8C7A90E499B}.Debug|Any CPU.ActiveCfg = Debug|Any CPU
		{9B7EBE19-3A4A-1B82-84B3-F8C7A90E499B}.Debug|Any CPU.Build.0 = Debug|Any CPU
		{9B7EBE19-3A4A-1B82-84B3-F8C7A90E499B}.Release|Any CPU.ActiveCfg = Release|Any CPU
		{9B7EBE19-3A4A-1B82-84B3-F8C7A90E499B}.Release|Any CPU.Build.0 = Release|Any CPU
		{DF40FD10-70C5-2E15-8441-C70C256F9205}.Debug|Any CPU.ActiveCfg = Debug|Any CPU
		{DF40FD10-70C5-2E15-8441-C70C256F9205}.Debug|Any CPU.Build.0 = Debug|Any CPU
		{DF40FD10-70C5-2E15-8441-C70C256F9205}.Release|Any CPU.ActiveCfg = Release|Any CPU
		{DF40FD10-70C5-2E15-8441-C70C256F9205}.Release|Any CPU.Build.0 = Release|Any CPU
		{59D8694E-8CC3-5E4C-D3F5-BC8E771505C7}.Debug|Any CPU.ActiveCfg = Debug|Any CPU
		{59D8694E-8CC3-5E4C-D3F5-BC8E771505C7}.Debug|Any CPU.Build.0 = Debug|Any CPU
		{59D8694E-8CC3-5E4C-D3F5-BC8E771505C7}.Release|Any CPU.ActiveCfg = Release|Any CPU
		{59D8694E-8CC3-5E4C-D3F5-BC8E771505C7}.Release|Any CPU.Build.0 = Release|Any CPU
		{96C6F06D-A713-A82F-B821-C413E5C505FA}.Debug|Any CPU.ActiveCfg = Debug|Any CPU
		{96C6F06D-A713-A82F-B821-C413E5C505FA}.Debug|Any CPU.Build.0 = Debug|Any CPU
		{96C6F06D-A713-A82F-B821-C413E5C505FA}.Release|Any CPU.ActiveCfg = Release|Any CPU
		{96C6F06D-A713-A82F-B821-C413E5C505FA}.Release|Any CPU.Build.0 = Release|Any CPU
		{B0F775C8-FAC3-C51B-3EE1-FF535DAECCC9}.Debug|Any CPU.ActiveCfg = Debug|Any CPU
		{B0F775C8-FAC3-C51B-3EE1-FF535DAECCC9}.Debug|Any CPU.Build.0 = Debug|Any CPU
		{B0F775C8-FAC3-C51B-3EE1-FF535DAECCC9}.Release|Any CPU.ActiveCfg = Release|Any CPU
		{B0F775C8-FAC3-C51B-3EE1-FF535DAECCC9}.Release|Any CPU.Build.0 = Release|Any CPU
		{1E577647-7123-DDA7-6186-BCCBCCC51426}.Debug|Any CPU.ActiveCfg = Debug|Any CPU
		{1E577647-7123-DDA7-6186-BCCBCCC51426}.Debug|Any CPU.Build.0 = Debug|Any CPU
		{1E577647-7123-DDA7-6186-BCCBCCC51426}.Release|Any CPU.ActiveCfg = Release|Any CPU
		{1E577647-7123-DDA7-6186-BCCBCCC51426}.Release|Any CPU.Build.0 = Release|Any CPU
		{710CB9F4-FA2D-345F-F818-D0BD5818B9A8}.Debug|Any CPU.ActiveCfg = Debug|Any CPU
		{710CB9F4-FA2D-345F-F818-D0BD5818B9A8}.Debug|Any CPU.Build.0 = Debug|Any CPU
		{710CB9F4-FA2D-345F-F818-D0BD5818B9A8}.Release|Any CPU.ActiveCfg = Release|Any CPU
		{710CB9F4-FA2D-345F-F818-D0BD5818B9A8}.Release|Any CPU.Build.0 = Release|Any CPU
		{FE1111C4-A604-7704-479B-3AABAA6574F2}.Debug|Any CPU.ActiveCfg = Debug|Any CPU
		{FE1111C4-A604-7704-479B-3AABAA6574F2}.Debug|Any CPU.Build.0 = Debug|Any CPU
		{FE1111C4-A604-7704-479B-3AABAA6574F2}.Release|Any CPU.ActiveCfg = Release|Any CPU
		{FE1111C4-A604-7704-479B-3AABAA6574F2}.Release|Any CPU.Build.0 = Release|Any CPU
		{F1CA57B2-89D7-DAD4-95CD-0B0D846B7600}.Debug|Any CPU.ActiveCfg = Debug|Any CPU
		{F1CA57B2-89D7-DAD4-95CD-0B0D846B7600}.Debug|Any CPU.Build.0 = Debug|Any CPU
		{F1CA57B2-89D7-DAD4-95CD-0B0D846B7600}.Release|Any CPU.ActiveCfg = Release|Any CPU
		{F1CA57B2-89D7-DAD4-95CD-0B0D846B7600}.Release|Any CPU.Build.0 = Release|Any CPU
		{80A9B18D-CB04-B40F-EDC3-537C47D1ED30}.Debug|Any CPU.ActiveCfg = Debug|Any CPU
		{80A9B18D-CB04-B40F-EDC3-537C47D1ED30}.Debug|Any CPU.Build.0 = Debug|Any CPU
		{80A9B18D-CB04-B40F-EDC3-537C47D1ED30}.Release|Any CPU.ActiveCfg = Release|Any CPU
		{80A9B18D-CB04-B40F-EDC3-537C47D1ED30}.Release|Any CPU.Build.0 = Release|Any CPU
		{75A1581E-413F-DA2C-3A3E-D9AB867BD5DE}.Debug|Any CPU.ActiveCfg = Debug|Any CPU
		{75A1581E-413F-DA2C-3A3E-D9AB867BD5DE}.Debug|Any CPU.Build.0 = Debug|Any CPU
		{75A1581E-413F-DA2C-3A3E-D9AB867BD5DE}.Release|Any CPU.ActiveCfg = Release|Any CPU
		{75A1581E-413F-DA2C-3A3E-D9AB867BD5DE}.Release|Any CPU.Build.0 = Release|Any CPU
		{81F82133-624E-9764-F405-208BA273C379}.Debug|Any CPU.ActiveCfg = Debug|Any CPU
		{81F82133-624E-9764-F405-208BA273C379}.Debug|Any CPU.Build.0 = Debug|Any CPU
		{81F82133-624E-9764-F405-208BA273C379}.Release|Any CPU.ActiveCfg = Release|Any CPU
		{81F82133-624E-9764-F405-208BA273C379}.Release|Any CPU.Build.0 = Release|Any CPU
		{5F48049C-7B0C-54D4-FDE4-9AE007C8FC9A}.Debug|Any CPU.ActiveCfg = Debug|Any CPU
		{5F48049C-7B0C-54D4-FDE4-9AE007C8FC9A}.Debug|Any CPU.Build.0 = Debug|Any CPU
		{5F48049C-7B0C-54D4-FDE4-9AE007C8FC9A}.Release|Any CPU.ActiveCfg = Release|Any CPU
		{5F48049C-7B0C-54D4-FDE4-9AE007C8FC9A}.Release|Any CPU.Build.0 = Release|Any CPU
		{1F1EEF0A-FBC0-9510-21CA-B95C6DBA7FF3}.Debug|Any CPU.ActiveCfg = Debug|Any CPU
		{1F1EEF0A-FBC0-9510-21CA-B95C6DBA7FF3}.Debug|Any CPU.Build.0 = Debug|Any CPU
		{1F1EEF0A-FBC0-9510-21CA-B95C6DBA7FF3}.Release|Any CPU.ActiveCfg = Release|Any CPU
		{1F1EEF0A-FBC0-9510-21CA-B95C6DBA7FF3}.Release|Any CPU.Build.0 = Release|Any CPU
		{8B482538-A92A-0E26-3E0C-EA1EDB206841}.Debug|Any CPU.ActiveCfg = Debug|Any CPU
		{8B482538-A92A-0E26-3E0C-EA1EDB206841}.Debug|Any CPU.Build.0 = Debug|Any CPU
		{8B482538-A92A-0E26-3E0C-EA1EDB206841}.Release|Any CPU.ActiveCfg = Release|Any CPU
		{8B482538-A92A-0E26-3E0C-EA1EDB206841}.Release|Any CPU.Build.0 = Release|Any CPU
		{D4B89167-0993-1869-1D64-788D49F28321}.Debug|Any CPU.ActiveCfg = Debug|Any CPU
		{D4B89167-0993-1869-1D64-788D49F28321}.Debug|Any CPU.Build.0 = Debug|Any CPU
		{D4B89167-0993-1869-1D64-788D49F28321}.Release|Any CPU.ActiveCfg = Release|Any CPU
		{D4B89167-0993-1869-1D64-788D49F28321}.Release|Any CPU.Build.0 = Release|Any CPU
		{47947DF9-91AC-9B8F-D6CE-077A1594AC4D}.Debug|Any CPU.ActiveCfg = Debug|Any CPU
		{47947DF9-91AC-9B8F-D6CE-077A1594AC4D}.Debug|Any CPU.Build.0 = Debug|Any CPU
		{47947DF9-91AC-9B8F-D6CE-077A1594AC4D}.Release|Any CPU.ActiveCfg = Release|Any CPU
		{47947DF9-91AC-9B8F-D6CE-077A1594AC4D}.Release|Any CPU.Build.0 = Release|Any CPU
		{215C0AE9-FFE9-4ACC-44DB-92DF018B6E0C}.Debug|Any CPU.ActiveCfg = Debug|Any CPU
		{215C0AE9-FFE9-4ACC-44DB-92DF018B6E0C}.Debug|Any CPU.Build.0 = Debug|Any CPU
		{215C0AE9-FFE9-4ACC-44DB-92DF018B6E0C}.Release|Any CPU.ActiveCfg = Release|Any CPU
		{215C0AE9-FFE9-4ACC-44DB-92DF018B6E0C}.Release|Any CPU.Build.0 = Release|Any CPU
		{45C58DF5-5AF5-4BE0-2D61-BE50AC7AC103}.Debug|Any CPU.ActiveCfg = Debug|Any CPU
		{45C58DF5-5AF5-4BE0-2D61-BE50AC7AC103}.Debug|Any CPU.Build.0 = Debug|Any CPU
		{45C58DF5-5AF5-4BE0-2D61-BE50AC7AC103}.Release|Any CPU.ActiveCfg = Release|Any CPU
		{45C58DF5-5AF5-4BE0-2D61-BE50AC7AC103}.Release|Any CPU.Build.0 = Release|Any CPU
		{6661395B-89F3-AF18-4856-1B1771732993}.Debug|Any CPU.ActiveCfg = Debug|Any CPU
		{6661395B-89F3-AF18-4856-1B1771732993}.Debug|Any CPU.Build.0 = Debug|Any CPU
		{6661395B-89F3-AF18-4856-1B1771732993}.Release|Any CPU.ActiveCfg = Release|Any CPU
		{6661395B-89F3-AF18-4856-1B1771732993}.Release|Any CPU.Build.0 = Release|Any CPU
		{452B9B20-4CC1-93AA-560A-2333D516B54C}.Debug|Any CPU.ActiveCfg = Debug|Any CPU
		{452B9B20-4CC1-93AA-560A-2333D516B54C}.Debug|Any CPU.Build.0 = Debug|Any CPU
		{452B9B20-4CC1-93AA-560A-2333D516B54C}.Release|Any CPU.ActiveCfg = Release|Any CPU
		{452B9B20-4CC1-93AA-560A-2333D516B54C}.Release|Any CPU.Build.0 = Release|Any CPU
		{6BB3DA72-ECA9-4F0E-3679-B5907DDDBE81}.Debug|Any CPU.ActiveCfg = Debug|Any CPU
		{6BB3DA72-ECA9-4F0E-3679-B5907DDDBE81}.Debug|Any CPU.Build.0 = Debug|Any CPU
		{6BB3DA72-ECA9-4F0E-3679-B5907DDDBE81}.Release|Any CPU.ActiveCfg = Release|Any CPU
		{6BB3DA72-ECA9-4F0E-3679-B5907DDDBE81}.Release|Any CPU.Build.0 = Release|Any CPU
		{AC365A1E-B8C0-C674-C395-DB9D7EB356A3}.Debug|Any CPU.ActiveCfg = Debug|Any CPU
		{AC365A1E-B8C0-C674-C395-DB9D7EB356A3}.Debug|Any CPU.Build.0 = Debug|Any CPU
		{AC365A1E-B8C0-C674-C395-DB9D7EB356A3}.Release|Any CPU.ActiveCfg = Release|Any CPU
		{AC365A1E-B8C0-C674-C395-DB9D7EB356A3}.Release|Any CPU.Build.0 = Release|Any CPU
		{52E3366A-8419-C932-9387-7E5BC8EDC9FF}.Debug|Any CPU.ActiveCfg = Debug|Any CPU
		{52E3366A-8419-C932-9387-7E5BC8EDC9FF}.Debug|Any CPU.Build.0 = Debug|Any CPU
		{52E3366A-8419-C932-9387-7E5BC8EDC9FF}.Release|Any CPU.ActiveCfg = Release|Any CPU
		{52E3366A-8419-C932-9387-7E5BC8EDC9FF}.Release|Any CPU.Build.0 = Release|Any CPU
		{EF192A45-C5CB-FC36-0D46-00A40724AD46}.Debug|Any CPU.ActiveCfg = Debug|Any CPU
		{EF192A45-C5CB-FC36-0D46-00A40724AD46}.Debug|Any CPU.Build.0 = Debug|Any CPU
		{EF192A45-C5CB-FC36-0D46-00A40724AD46}.Release|Any CPU.ActiveCfg = Release|Any CPU
		{EF192A45-C5CB-FC36-0D46-00A40724AD46}.Release|Any CPU.Build.0 = Release|Any CPU
		{CFA29033-9CDF-832F-8CFA-87C63044A5C8}.Debug|Any CPU.ActiveCfg = Debug|Any CPU
		{CFA29033-9CDF-832F-8CFA-87C63044A5C8}.Debug|Any CPU.Build.0 = Debug|Any CPU
		{CFA29033-9CDF-832F-8CFA-87C63044A5C8}.Release|Any CPU.ActiveCfg = Release|Any CPU
		{CFA29033-9CDF-832F-8CFA-87C63044A5C8}.Release|Any CPU.Build.0 = Release|Any CPU
		{6986E2E7-8246-49B6-F3BD-2A4E910E8BB3}.Debug|Any CPU.ActiveCfg = Debug|Any CPU
		{6986E2E7-8246-49B6-F3BD-2A4E910E8BB3}.Debug|Any CPU.Build.0 = Debug|Any CPU
		{6986E2E7-8246-49B6-F3BD-2A4E910E8BB3}.Release|Any CPU.ActiveCfg = Release|Any CPU
		{6986E2E7-8246-49B6-F3BD-2A4E910E8BB3}.Release|Any CPU.Build.0 = Release|Any CPU
		{ADD2E88A-0999-2247-687F-1CB7678E6B8C}.Debug|Any CPU.ActiveCfg = Debug|Any CPU
		{ADD2E88A-0999-2247-687F-1CB7678E6B8C}.Debug|Any CPU.Build.0 = Debug|Any CPU
		{ADD2E88A-0999-2247-687F-1CB7678E6B8C}.Release|Any CPU.ActiveCfg = Release|Any CPU
		{ADD2E88A-0999-2247-687F-1CB7678E6B8C}.Release|Any CPU.Build.0 = Release|Any CPU
		{E4F39D9F-EDFA-55A4-E59F-8A45E98C77EF}.Debug|Any CPU.ActiveCfg = Debug|Any CPU
		{E4F39D9F-EDFA-55A4-E59F-8A45E98C77EF}.Debug|Any CPU.Build.0 = Debug|Any CPU
		{E4F39D9F-EDFA-55A4-E59F-8A45E98C77EF}.Release|Any CPU.ActiveCfg = Release|Any CPU
		{E4F39D9F-EDFA-55A4-E59F-8A45E98C77EF}.Release|Any CPU.Build.0 = Release|Any CPU
		{A76D52C8-E13B-3FC1-24E4-CC1C45443B28}.Debug|Any CPU.ActiveCfg = Debug|Any CPU
		{A76D52C8-E13B-3FC1-24E4-CC1C45443B28}.Debug|Any CPU.Build.0 = Debug|Any CPU
		{A76D52C8-E13B-3FC1-24E4-CC1C45443B28}.Release|Any CPU.ActiveCfg = Release|Any CPU
		{A76D52C8-E13B-3FC1-24E4-CC1C45443B28}.Release|Any CPU.Build.0 = Release|Any CPU
		{2032FB07-E8FF-2248-0DFB-58B7F66B55FB}.Debug|Any CPU.ActiveCfg = Debug|Any CPU
		{2032FB07-E8FF-2248-0DFB-58B7F66B55FB}.Debug|Any CPU.Build.0 = Debug|Any CPU
		{2032FB07-E8FF-2248-0DFB-58B7F66B55FB}.Release|Any CPU.ActiveCfg = Release|Any CPU
		{2032FB07-E8FF-2248-0DFB-58B7F66B55FB}.Release|Any CPU.Build.0 = Release|Any CPU
		{8E6376E7-CF94-439A-8E67-C8A26B342626}.Debug|Any CPU.ActiveCfg = Debug|Any CPU
		{8E6376E7-CF94-439A-8E67-C8A26B342626}.Debug|Any CPU.Build.0 = Debug|Any CPU
		{8E6376E7-CF94-439A-8E67-C8A26B342626}.Release|Any CPU.ActiveCfg = Release|Any CPU
		{8E6376E7-CF94-439A-8E67-C8A26B342626}.Release|Any CPU.Build.0 = Release|Any CPU
		{57E8F296-FEA8-0DFD-42DF-21F84C864099}.Debug|Any CPU.ActiveCfg = Debug|Any CPU
		{57E8F296-FEA8-0DFD-42DF-21F84C864099}.Debug|Any CPU.Build.0 = Debug|Any CPU
		{57E8F296-FEA8-0DFD-42DF-21F84C864099}.Release|Any CPU.ActiveCfg = Release|Any CPU
		{57E8F296-FEA8-0DFD-42DF-21F84C864099}.Release|Any CPU.Build.0 = Release|Any CPU
		{2AAFA813-FBFD-908F-4189-A87268D29E4F}.Debug|Any CPU.ActiveCfg = Debug|Any CPU
		{2AAFA813-FBFD-908F-4189-A87268D29E4F}.Debug|Any CPU.Build.0 = Debug|Any CPU
		{2AAFA813-FBFD-908F-4189-A87268D29E4F}.Release|Any CPU.ActiveCfg = Release|Any CPU
		{2AAFA813-FBFD-908F-4189-A87268D29E4F}.Release|Any CPU.Build.0 = Release|Any CPU
		{F073EC79-2136-D62C-FF15-AA853C6AE256}.Debug|Any CPU.ActiveCfg = Debug|Any CPU
		{F073EC79-2136-D62C-FF15-AA853C6AE256}.Debug|Any CPU.Build.0 = Debug|Any CPU
		{F073EC79-2136-D62C-FF15-AA853C6AE256}.Release|Any CPU.ActiveCfg = Release|Any CPU
		{F073EC79-2136-D62C-FF15-AA853C6AE256}.Release|Any CPU.Build.0 = Release|Any CPU
		{456EAA30-CEDE-B0D2-0D13-A8E5C9C016C0}.Debug|Any CPU.ActiveCfg = Debug|Any CPU
		{456EAA30-CEDE-B0D2-0D13-A8E5C9C016C0}.Debug|Any CPU.Build.0 = Debug|Any CPU
		{456EAA30-CEDE-B0D2-0D13-A8E5C9C016C0}.Release|Any CPU.ActiveCfg = Release|Any CPU
		{456EAA30-CEDE-B0D2-0D13-A8E5C9C016C0}.Release|Any CPU.Build.0 = Release|Any CPU
	EndGlobalSection
	GlobalSection(SolutionProperties) = preSolution
		HideSolutionNode = FALSE
	EndGlobalSection
EndGlobal
